// !$*UTF8*$!
{
	archiveVersion = 1;
	classes = {
	};
	objectVersion = 46;
	objects = {

/* Begin PBXBuildFile section */
		13F6E2B51AD4580D00323181 /* main.m in Sources */ = {isa = PBXBuildFile; fileRef = 13F6E2B41AD4580D00323181 /* main.m */; };
		13F6E2B81AD4580D00323181 /* AppDelegate.m in Sources */ = {isa = PBXBuildFile; fileRef = 13F6E2B71AD4580D00323181 /* AppDelegate.m */; };
		13F6E2BB1AD4580D00323181 /* ViewController.m in Sources */ = {isa = PBXBuildFile; fileRef = 13F6E2BA1AD4580D00323181 /* ViewController.m */; };
		13F6E2BE1AD4580D00323181 /* Main.storyboard in Resources */ = {isa = PBXBuildFile; fileRef = 13F6E2BC1AD4580D00323181 /* Main.storyboard */; };
		13F6E2C01AD4580D00323181 /* Images.xcassets in Resources */ = {isa = PBXBuildFile; fileRef = 13F6E2BF1AD4580D00323181 /* Images.xcassets */; };
		13F6E2C31AD4580D00323181 /* LaunchScreen.xib in Resources */ = {isa = PBXBuildFile; fileRef = 13F6E2C11AD4580D00323181 /* LaunchScreen.xib */; };
		13F6E2CF1AD4580D00323181 /* TannedOwlTests.m in Sources */ = {isa = PBXBuildFile; fileRef = 13F6E2CE1AD4580D00323181 /* TannedOwlTests.m */; };
/* End PBXBuildFile section */

/* Begin PBXContainerItemProxy section */
		13F6E2C91AD4580D00323181 /* PBXContainerItemProxy */ = {
			isa = PBXContainerItemProxy;
			containerPortal = 13F6E2A71AD4580C00323181 /* Project object */;
			proxyType = 1;
			remoteGlobalIDString = 13F6E2AE1AD4580C00323181;
			remoteInfo = TannedOwl;
		};
/* End PBXContainerItemProxy section */

/* Begin PBXFileReference section */
		13F6E2AF1AD4580C00323181 /* TannedOwl.app */ = {isa = PBXFileReference; explicitFileType = wrapper.application; includeInIndex = 0; path = TannedOwl.app; sourceTree = BUILT_PRODUCTS_DIR; };
		13F6E2B31AD4580C00323181 /* Info.plist */ = {isa = PBXFileReference; lastKnownFileType = text.plist.xml; path = Info.plist; sourceTree = "<group>"; };
		13F6E2B41AD4580D00323181 /* main.m */ = {isa = PBXFileReference; lastKnownFileType = sourcecode.c.objc; path = main.m; sourceTree = "<group>"; };
		13F6E2B61AD4580D00323181 /* AppDelegate.h */ = {isa = PBXFileReference; lastKnownFileType = sourcecode.c.h; path = AppDelegate.h; sourceTree = "<group>"; };
		13F6E2B71AD4580D00323181 /* AppDelegate.m */ = {isa = PBXFileReference; lastKnownFileType = sourcecode.c.objc; path = AppDelegate.m; sourceTree = "<group>"; };
		13F6E2B91AD4580D00323181 /* ViewController.h */ = {isa = PBXFileReference; lastKnownFileType = sourcecode.c.h; path = ViewController.h; sourceTree = "<group>"; };
		13F6E2BA1AD4580D00323181 /* ViewController.m */ = {isa = PBXFileReference; lastKnownFileType = sourcecode.c.objc; path = ViewController.m; sourceTree = "<group>"; };
		13F6E2BD1AD4580D00323181 /* Base */ = {isa = PBXFileReference; lastKnownFileType = file.storyboard; name = Base; path = Base.lproj/Main.storyboard; sourceTree = "<group>"; };
		13F6E2BF1AD4580D00323181 /* Images.xcassets */ = {isa = PBXFileReference; lastKnownFileType = folder.assetcatalog; path = Images.xcassets; sourceTree = "<group>"; };
		13F6E2C21AD4580D00323181 /* Base */ = {isa = PBXFileReference; lastKnownFileType = file.xib; name = Base; path = Base.lproj/LaunchScreen.xib; sourceTree = "<group>"; };
		13F6E2C81AD4580D00323181 /* TannedOwlTests.xctest */ = {isa = PBXFileReference; explicitFileType = wrapper.cfbundle; includeInIndex = 0; path = TannedOwlTests.xctest; sourceTree = BUILT_PRODUCTS_DIR; };
		13F6E2CD1AD4580D00323181 /* Info.plist */ = {isa = PBXFileReference; lastKnownFileType = text.plist.xml; path = Info.plist; sourceTree = "<group>"; };
		13F6E2CE1AD4580D00323181 /* TannedOwlTests.m */ = {isa = PBXFileReference; lastKnownFileType = sourcecode.c.objc; path = TannedOwlTests.m; sourceTree = "<group>"; };
/* End PBXFileReference section */

/* Begin PBXFrameworksBuildPhase section */
		13F6E2AC1AD4580C00323181 /* Frameworks */ = {
			isa = PBXFrameworksBuildPhase;
			buildActionMask = 2147483647;
			files = (
			);
			runOnlyForDeploymentPostprocessing = 0;
		};
		13F6E2C51AD4580D00323181 /* Frameworks */ = {
			isa = PBXFrameworksBuildPhase;
			buildActionMask = 2147483647;
			files = (
			);
			runOnlyForDeploymentPostprocessing = 0;
		};
/* End PBXFrameworksBuildPhase section */

/* Begin PBXGroup section */
		13F6E2A61AD4580C00323181 = {
			isa = PBXGroup;
			children = (
				13F6E2B11AD4580C00323181 /* TannedOwl */,
				13F6E2CB1AD4580D00323181 /* TannedOwlTests */,
				13F6E2B01AD4580C00323181 /* Products */,
			);
			sourceTree = "<group>";
		};
		13F6E2B01AD4580C00323181 /* Products */ = {
			isa = PBXGroup;
			children = (
				13F6E2AF1AD4580C00323181 /* TannedOwl.app */,
				13F6E2C81AD4580D00323181 /* TannedOwlTests.xctest */,
			);
			name = Products;
			sourceTree = "<group>";
		};
		13F6E2B11AD4580C00323181 /* TannedOwl */ = {
			isa = PBXGroup;
			children = (
				13F6E2B61AD4580D00323181 /* AppDelegate.h */,
				13F6E2B71AD4580D00323181 /* AppDelegate.m */,
				13F6E2B91AD4580D00323181 /* ViewController.h */,
				13F6E2BA1AD4580D00323181 /* ViewController.m */,
				13F6E2BC1AD4580D00323181 /* Main.storyboard */,
				13F6E2BF1AD4580D00323181 /* Images.xcassets */,
				13F6E2C11AD4580D00323181 /* LaunchScreen.xib */,
				13F6E2B21AD4580C00323181 /* Supporting Files */,
			);
			path = TannedOwl;
			sourceTree = "<group>";
		};
		13F6E2B21AD4580C00323181 /* Supporting Files */ = {
			isa = PBXGroup;
			children = (
				13F6E2B31AD4580C00323181 /* Info.plist */,
				13F6E2B41AD4580D00323181 /* main.m */,
			);
			name = "Supporting Files";
			sourceTree = "<group>";
		};
		13F6E2CB1AD4580D00323181 /* TannedOwlTests */ = {
			isa = PBXGroup;
			children = (
				13F6E2CE1AD4580D00323181 /* TannedOwlTests.m */,
				13F6E2CC1AD4580D00323181 /* Supporting Files */,
			);
			path = TannedOwlTests;
			sourceTree = "<group>";
		};
		13F6E2CC1AD4580D00323181 /* Supporting Files */ = {
			isa = PBXGroup;
			children = (
				13F6E2CD1AD4580D00323181 /* Info.plist */,
			);
			name = "Supporting Files";
			sourceTree = "<group>";
		};
/* End PBXGroup section */

/* Begin PBXNativeTarget section */
		13F6E2AE1AD4580C00323181 /* TannedOwl */ = {
			isa = PBXNativeTarget;
			buildConfigurationList = 13F6E2D21AD4580D00323181 /* Build configuration list for PBXNativeTarget "TannedOwl" */;
			buildPhases = (
				13F6E2AB1AD4580C00323181 /* Sources */,
				13F6E2AC1AD4580C00323181 /* Frameworks */,
				13F6E2AD1AD4580C00323181 /* Resources */,
			);
			buildRules = (
			);
			dependencies = (
			);
			name = TannedOwl;
			productName = TannedOwl;
			productReference = 13F6E2AF1AD4580C00323181 /* TannedOwl.app */;
			productType = "com.apple.product-type.application";
		};
		13F6E2C71AD4580D00323181 /* TannedOwlTests */ = {
			isa = PBXNativeTarget;
			buildConfigurationList = 13F6E2D51AD4580D00323181 /* Build configuration list for PBXNativeTarget "TannedOwlTests" */;
			buildPhases = (
				13F6E2C41AD4580D00323181 /* Sources */,
				13F6E2C51AD4580D00323181 /* Frameworks */,
				13F6E2C61AD4580D00323181 /* Resources */,
			);
			buildRules = (
			);
			dependencies = (
				13F6E2CA1AD4580D00323181 /* PBXTargetDependency */,
			);
			name = TannedOwlTests;
			productName = TannedOwlTests;
			productReference = 13F6E2C81AD4580D00323181 /* TannedOwlTests.xctest */;
			productType = "com.apple.product-type.bundle.unit-test";
		};
/* End PBXNativeTarget section */

/* Begin PBXProject section */
		13F6E2A71AD4580C00323181 /* Project object */ = {
			isa = PBXProject;
			attributes = {
				LastUpgradeCheck = 0620;
				ORGANIZATIONNAME = Jeeva;
				TargetAttributes = {
					13F6E2AE1AD4580C00323181 = {
						CreatedOnToolsVersion = 6.2;
					};
					13F6E2C71AD4580D00323181 = {
						CreatedOnToolsVersion = 6.2;
						TestTargetID = 13F6E2AE1AD4580C00323181;
					};
				};
			};
			buildConfigurationList = 13F6E2AA1AD4580C00323181 /* Build configuration list for PBXProject "TannedOwl" */;
			compatibilityVersion = "Xcode 3.2";
			developmentRegion = English;
			hasScannedForEncodings = 0;
			knownRegions = (
				en,
				Base,
			);
			mainGroup = 13F6E2A61AD4580C00323181;
			productRefGroup = 13F6E2B01AD4580C00323181 /* Products */;
			projectDirPath = "";
			projectRoot = "";
			targets = (
				13F6E2AE1AD4580C00323181 /* TannedOwl */,
				13F6E2C71AD4580D00323181 /* TannedOwlTests */,
			);
		};
/* End PBXProject section */

/* Begin PBXResourcesBuildPhase section */
		13F6E2AD1AD4580C00323181 /* Resources */ = {
			isa = PBXResourcesBuildPhase;
			buildActionMask = 2147483647;
			files = (
				13F6E2BE1AD4580D00323181 /* Main.storyboard in Resources */,
				13F6E2C31AD4580D00323181 /* LaunchScreen.xib in Resources */,
				13F6E2C01AD4580D00323181 /* Images.xcassets in Resources */,
			);
			runOnlyForDeploymentPostprocessing = 0;
		};
		13F6E2C61AD4580D00323181 /* Resources */ = {
			isa = PBXResourcesBuildPhase;
			buildActionMask = 2147483647;
			files = (
			);
			runOnlyForDeploymentPostprocessing = 0;
		};
/* End PBXResourcesBuildPhase section */

/* Begin PBXSourcesBuildPhase section */
		13F6E2AB1AD4580C00323181 /* Sources */ = {
			isa = PBXSourcesBuildPhase;
			buildActionMask = 2147483647;
			files = (
				13F6E2BB1AD4580D00323181 /* ViewController.m in Sources */,
				13F6E2B81AD4580D00323181 /* AppDelegate.m in Sources */,
				13F6E2B51AD4580D00323181 /* main.m in Sources */,
			);
			runOnlyForDeploymentPostprocessing = 0;
		};
		13F6E2C41AD4580D00323181 /* Sources */ = {
			isa = PBXSourcesBuildPhase;
			buildActionMask = 2147483647;
			files = (
				13F6E2CF1AD4580D00323181 /* TannedOwlTests.m in Sources */,
			);
			runOnlyForDeploymentPostprocessing = 0;
		};
/* End PBXSourcesBuildPhase section */

/* Begin PBXTargetDependency section */
		13F6E2CA1AD4580D00323181 /* PBXTargetDependency */ = {
			isa = PBXTargetDependency;
			target = 13F6E2AE1AD4580C00323181 /* TannedOwl */;
			targetProxy = 13F6E2C91AD4580D00323181 /* PBXContainerItemProxy */;
		};
/* End PBXTargetDependency section */

/* Begin PBXVariantGroup section */
		13F6E2BC1AD4580D00323181 /* Main.storyboard */ = {
			isa = PBXVariantGroup;
			children = (
				13F6E2BD1AD4580D00323181 /* Base */,
			);
			name = Main.storyboard;
			sourceTree = "<group>";
		};
		13F6E2C11AD4580D00323181 /* LaunchScreen.xib */ = {
			isa = PBXVariantGroup;
			children = (
				13F6E2C21AD4580D00323181 /* Base */,
			);
			name = LaunchScreen.xib;
			sourceTree = "<group>";
		};
/* End PBXVariantGroup section */

/* Begin XCBuildConfiguration section */
		13F6E2D01AD4580D00323181 /* Debug */ = {
			isa = XCBuildConfiguration;
			buildSettings = {
				ALWAYS_SEARCH_USER_PATHS = NO;
				CLANG_CXX_LANGUAGE_STANDARD = "gnu++0x";
				CLANG_CXX_LIBRARY = "libc++";
				CLANG_ENABLE_MODULES = YES;
				CLANG_ENABLE_OBJC_ARC = YES;
				CLANG_WARN_BOOL_CONVERSION = YES;
				CLANG_WARN_CONSTANT_CONVERSION = YES;
				CLANG_WARN_DIRECT_OBJC_ISA_USAGE = YES_ERROR;
				CLANG_WARN_EMPTY_BODY = YES;
				CLANG_WARN_ENUM_CONVERSION = YES;
				CLANG_WARN_INT_CONVERSION = YES;
				CLANG_WARN_OBJC_ROOT_CLASS = YES_ERROR;
				CLANG_WARN_UNREACHABLE_CODE = YES;
				CLANG_WARN__DUPLICATE_METHOD_MATCH = YES;
				"CODE_SIGN_IDENTITY[sdk=iphoneos*]" = "iPhone Developer";
				COPY_PHASE_STRIP = NO;
				ENABLE_STRICT_OBJC_MSGSEND = YES;
				GCC_C_LANGUAGE_STANDARD = gnu99;
				GCC_DYNAMIC_NO_PIC = NO;
				GCC_OPTIMIZATION_LEVEL = 0;
				GCC_PREPROCESSOR_DEFINITIONS = (
					"DEBUG=1",
					"$(inherited)",
				);
				GCC_SYMBOLS_PRIVATE_EXTERN = NO;
				GCC_WARN_64_TO_32_BIT_CONVERSION = YES;
				GCC_WARN_ABOUT_RETURN_TYPE = YES_ERROR;
				GCC_WARN_UNDECLARED_SELECTOR = YES;
				GCC_WARN_UNINITIALIZED_AUTOS = YES_AGGRESSIVE;
				GCC_WARN_UNUSED_FUNCTION = YES;
				GCC_WARN_UNUSED_VARIABLE = YES;
				IPHONEOS_DEPLOYMENT_TARGET = 8.2;
				MTL_ENABLE_DEBUG_INFO = YES;
				ONLY_ACTIVE_ARCH = YES;
				SDKROOT = iphoneos;
			};
			name = Debug;
		};
		13F6E2D11AD4580D00323181 /* Release */ = {
			isa = XCBuildConfiguration;
			buildSettings = {
				ALWAYS_SEARCH_USER_PATHS = NO;
				CLANG_CXX_LANGUAGE_STANDARD = "gnu++0x";
				CLANG_CXX_LIBRARY = "libc++";
				CLANG_ENABLE_MODULES = YES;
				CLANG_ENABLE_OBJC_ARC = YES;
				CLANG_WARN_BOOL_CONVERSION = YES;
				CLANG_WARN_CONSTANT_CONVERSION = YES;
				CLANG_WARN_DIRECT_OBJC_ISA_USAGE = YES_ERROR;
				CLANG_WARN_EMPTY_BODY = YES;
				CLANG_WARN_ENUM_CONVERSION = YES;
				CLANG_WARN_INT_CONVERSION = YES;
				CLANG_WARN_OBJC_ROOT_CLASS = YES_ERROR;
				CLANG_WARN_UNREACHABLE_CODE = YES;
				CLANG_WARN__DUPLICATE_METHOD_MATCH = YES;
				"CODE_SIGN_IDENTITY[sdk=iphoneos*]" = "iPhone Developer";
				COPY_PHASE_STRIP = NO;
				ENABLE_NS_ASSERTIONS = NO;
				ENABLE_STRICT_OBJC_MSGSEND = YES;
				GCC_C_LANGUAGE_STANDARD = gnu99;
				GCC_WARN_64_TO_32_BIT_CONVERSION = YES;
				GCC_WARN_ABOUT_RETURN_TYPE = YES_ERROR;
				GCC_WARN_UNDECLARED_SELECTOR = YES;
				GCC_WARN_UNINITIALIZED_AUTOS = YES_AGGRESSIVE;
				GCC_WARN_UNUSED_FUNCTION = YES;
				GCC_WARN_UNUSED_VARIABLE = YES;
				IPHONEOS_DEPLOYMENT_TARGET = 8.2;
				MTL_ENABLE_DEBUG_INFO = NO;
				SDKROOT = iphoneos;
				VALIDATE_PRODUCT = YES;
			};
			name = Release;
		};
		13F6E2D31AD4580D00323181 /* Debug */ = {
			isa = XCBuildConfiguration;
			buildSettings = {
				ASSETCATALOG_COMPILER_APPICON_NAME = AppIcon;
				INFOPLIST_FILE = TannedOwl/Info.plist;
				LD_RUNPATH_SEARCH_PATHS = "$(inherited) @executable_path/Frameworks";
				PRODUCT_NAME = "$(TARGET_NAME)";
			};
			name = Debug;
		};
		13F6E2D41AD4580D00323181 /* Release */ = {
			isa = XCBuildConfiguration;
			buildSettings = {
				ASSETCATALOG_COMPILER_APPICON_NAME = AppIcon;
				INFOPLIST_FILE = TannedOwl/Info.plist;
				LD_RUNPATH_SEARCH_PATHS = "$(inherited) @executable_path/Frameworks";
				PRODUCT_NAME = "$(TARGET_NAME)";
			};
			name = Release;
		};
		13F6E2D61AD4580D00323181 /* Debug */ = {
			isa = XCBuildConfiguration;
			buildSettings = {
				BUNDLE_LOADER = "$(TEST_HOST)";
				FRAMEWORK_SEARCH_PATHS = (
					"$(SDKROOT)/Developer/Library/Frameworks",
					"$(inherited)",
				);
				GCC_PREPROCESSOR_DEFINITIONS = (
					"DEBUG=1",
					"$(inherited)",
				);
				INFOPLIST_FILE = TannedOwlTests/Info.plist;
				LD_RUNPATH_SEARCH_PATHS = "$(inherited) @executable_path/Frameworks @loader_path/Frameworks";
				PRODUCT_NAME = "$(TARGET_NAME)";
				TEST_HOST = "$(BUILT_PRODUCTS_DIR)/TannedOwl.app/TannedOwl";
			};
			name = Debug;
		};
		13F6E2D71AD4580D00323181 /* Release */ = {
			isa = XCBuildConfiguration;
			buildSettings = {
				BUNDLE_LOADER = "$(TEST_HOST)";
				FRAMEWORK_SEARCH_PATHS = (
					"$(SDKROOT)/Developer/Library/Frameworks",
					"$(inherited)",
				);
				INFOPLIST_FILE = TannedOwlTests/Info.plist;
				LD_RUNPATH_SEARCH_PATHS = "$(inherited) @executable_path/Frameworks @loader_path/Frameworks";
				PRODUCT_NAME = "$(TARGET_NAME)";
				TEST_HOST = "$(BUILT_PRODUCTS_DIR)/TannedOwl.app/TannedOwl";
			};
			name = Release;
		};
/* End XCBuildConfiguration section */

/* Begin XCConfigurationList section */
		13F6E2AA1AD4580C00323181 /* Build configuration list for PBXProject "TannedOwl" */ = {
			isa = XCConfigurationList;
			buildConfigurations = (
				13F6E2D01AD4580D00323181 /* Debug */,
				13F6E2D11AD4580D00323181 /* Release */,
			);
			defaultConfigurationIsVisible = 0;
			defaultConfigurationName = Release;
		};
		13F6E2D21AD4580D00323181 /* Build configuration list for PBXNativeTarget "TannedOwl" */ = {
			isa = XCConfigurationList;
			buildConfigurations = (
				13F6E2D31AD4580D00323181 /* Debug */,
				13F6E2D41AD4580D00323181 /* Release */,
			);
			defaultConfigurationIsVisible = 0;
		};
		13F6E2D51AD4580D00323181 /* Build configuration list for PBXNativeTarget "TannedOwlTests" */ = {
			isa = XCConfigurationList;
			buildConfigurations = (
				13F6E2D61AD4580D00323181 /* Debug */,
				13F6E2D71AD4580D00323181 /* Release */,
			);
			defaultConfigurationIsVisible = 0;
		};
/* End XCConfigurationList section */
	};
	rootObject = 13F6E2A71AD4580C00323181 /* Project object */;
}
